// !$*UTF8*$!
{
	archiveVersion = 1;
	classes = {
	};
	objectVersion = 50;
	objects = {

/* Begin PBXBuildFile section */
		A36C659C23822D5A00FE2BCA /* AppDelegate.swift in Sources */ = {isa = PBXBuildFile; fileRef = A36C659B23822D5A00FE2BCA /* AppDelegate.swift */; };
		A36C659E23822D5A00FE2BCA /* SceneDelegate.swift in Sources */ = {isa = PBXBuildFile; fileRef = A36C659D23822D5A00FE2BCA /* SceneDelegate.swift */; };
		A36C65A023822D5A00FE2BCA /* ViewController.swift in Sources */ = {isa = PBXBuildFile; fileRef = A36C659F23822D5A00FE2BCA /* ViewController.swift */; };
		A36C65A323822D5A00FE2BCA /* Main.storyboard in Resources */ = {isa = PBXBuildFile; fileRef = A36C65A123822D5A00FE2BCA /* Main.storyboard */; };
		A36C65A623822D5A00FE2BCA /* _0191117_AbhijeetAher_NYCSchools.xcdatamodeld in Sources */ = {isa = PBXBuildFile; fileRef = A36C65A423822D5A00FE2BCA /* _0191117_AbhijeetAher_NYCSchools.xcdatamodeld */; };
		A36C65A823822D5B00FE2BCA /* Assets.xcassets in Resources */ = {isa = PBXBuildFile; fileRef = A36C65A723822D5B00FE2BCA /* Assets.xcassets */; };
		A36C65AB23822D5B00FE2BCA /* LaunchScreen.storyboard in Resources */ = {isa = PBXBuildFile; fileRef = A36C65A923822D5B00FE2BCA /* LaunchScreen.storyboard */; };
		A36C65B623822D5B00FE2BCA /* _0191117_AbhijeetAher_NYCSchoolsTests.swift in Sources */ = {isa = PBXBuildFile; fileRef = A36C65B523822D5B00FE2BCA /* _0191117_AbhijeetAher_NYCSchoolsTests.swift */; };
		A36C65C123822D5B00FE2BCA /* _0191117_AbhijeetAher_NYCSchoolsUITests.swift in Sources */ = {isa = PBXBuildFile; fileRef = A36C65C023822D5B00FE2BCA /* _0191117_AbhijeetAher_NYCSchoolsUITests.swift */; };
		A36C65CF23822F0A00FE2BCA /* SchoolDataStore.swift in Sources */ = {isa = PBXBuildFile; fileRef = A36C65CE23822F0A00FE2BCA /* SchoolDataStore.swift */; };
		A36C65D223822FC200FE2BCA /* NetworkDataManager.swift in Sources */ = {isa = PBXBuildFile; fileRef = A36C65D123822FC200FE2BCA /* NetworkDataManager.swift */; };
		A36C65D52382301500FE2BCA /* CoreDataManager.swift in Sources */ = {isa = PBXBuildFile; fileRef = A36C65D42382301500FE2BCA /* CoreDataManager.swift */; };
		A36C65D82382308300FE2BCA /* Reachability.swift in Sources */ = {isa = PBXBuildFile; fileRef = A36C65D72382308300FE2BCA /* Reachability.swift */; };
		A36C65DB238230BE00FE2BCA /* School.swift in Sources */ = {isa = PBXBuildFile; fileRef = A36C65DA238230BE00FE2BCA /* School.swift */; };
		A36C65E42382325300FE2BCA /* Schools+CoreDataClass.swift in Sources */ = {isa = PBXBuildFile; fileRef = A36C65E22382325300FE2BCA /* Schools+CoreDataClass.swift */; };
		A36C65E52382325300FE2BCA /* Schools+CoreDataProperties.swift in Sources */ = {isa = PBXBuildFile; fileRef = A36C65E32382325300FE2BCA /* Schools+CoreDataProperties.swift */; };
		A36C65E72382330D00FE2BCA /* Constants.swift in Sources */ = {isa = PBXBuildFile; fileRef = A36C65E62382330D00FE2BCA /* Constants.swift */; };
		A36C65ED2382341800FE2BCA /* Protocol.swift in Sources */ = {isa = PBXBuildFile; fileRef = A36C65EC2382341800FE2BCA /* Protocol.swift */; };
		A36C65EF238234D600FE2BCA /* SchoolGrade.swift in Sources */ = {isa = PBXBuildFile; fileRef = A36C65EE238234D600FE2BCA /* SchoolGrade.swift */; };
		A36C65F1238234DF00FE2BCA /* SchoolGradeDataStore.swift in Sources */ = {isa = PBXBuildFile; fileRef = A36C65F0238234DF00FE2BCA /* SchoolGradeDataStore.swift */; };
		A36C65F32382358B00FE2BCA /* Alert.swift in Sources */ = {isa = PBXBuildFile; fileRef = A36C65F22382358B00FE2BCA /* Alert.swift */; };
		A36C65F6238235E000FE2BCA /* SchoolGradeViewController.swift in Sources */ = {isa = PBXBuildFile; fileRef = A36C65F5238235E000FE2BCA /* SchoolGradeViewController.swift */; };
		A36C65FA238237D400FE2BCA /* SchoolGrades+CoreDataClass.swift in Sources */ = {isa = PBXBuildFile; fileRef = A36C65F8238237D400FE2BCA /* SchoolGrades+CoreDataClass.swift */; };
		A36C65FB238237D400FE2BCA /* SchoolGrades+CoreDataProperties.swift in Sources */ = {isa = PBXBuildFile; fileRef = A36C65F9238237D400FE2BCA /* SchoolGrades+CoreDataProperties.swift */; };
		A3E014D823827863001A84DC /* CustomURL.swift in Sources */ = {isa = PBXBuildFile; fileRef = A3E014D723827863001A84DC /* CustomURL.swift */; };
/* End PBXBuildFile section */

/* Begin PBXContainerItemProxy section */
		A36C65B223822D5B00FE2BCA /* PBXContainerItemProxy */ = {
			isa = PBXContainerItemProxy;
			containerPortal = A36C659023822D5A00FE2BCA /* Project object */;
			proxyType = 1;
			remoteGlobalIDString = A36C659723822D5A00FE2BCA;
			remoteInfo = "20191117-AbhijeetAher-NYCSchools";
		};
		A36C65BD23822D5B00FE2BCA /* PBXContainerItemProxy */ = {
			isa = PBXContainerItemProxy;
			containerPortal = A36C659023822D5A00FE2BCA /* Project object */;
			proxyType = 1;
			remoteGlobalIDString = A36C659723822D5A00FE2BCA;
			remoteInfo = "20191117-AbhijeetAher-NYCSchools";
		};
/* End PBXContainerItemProxy section */

/* Begin PBXFileReference section */
		A36C659823822D5A00FE2BCA /* 20191117-AbhijeetAher-NYCSchools.app */ = {isa = PBXFileReference; explicitFileType = wrapper.application; includeInIndex = 0; path = "20191117-AbhijeetAher-NYCSchools.app"; sourceTree = BUILT_PRODUCTS_DIR; };
		A36C659B23822D5A00FE2BCA /* AppDelegate.swift */ = {isa = PBXFileReference; lastKnownFileType = sourcecode.swift; path = AppDelegate.swift; sourceTree = "<group>"; };
		A36C659D23822D5A00FE2BCA /* SceneDelegate.swift */ = {isa = PBXFileReference; lastKnownFileType = sourcecode.swift; path = SceneDelegate.swift; sourceTree = "<group>"; };
		A36C659F23822D5A00FE2BCA /* ViewController.swift */ = {isa = PBXFileReference; lastKnownFileType = sourcecode.swift; path = ViewController.swift; sourceTree = "<group>"; };
		A36C65A223822D5A00FE2BCA /* Base */ = {isa = PBXFileReference; lastKnownFileType = file.storyboard; name = Base; path = Base.lproj/Main.storyboard; sourceTree = "<group>"; };
		A36C65A523822D5A00FE2BCA /* _0191117_AbhijeetAher_NYCSchools.xcdatamodel */ = {isa = PBXFileReference; lastKnownFileType = wrapper.xcdatamodel; path = _0191117_AbhijeetAher_NYCSchools.xcdatamodel; sourceTree = "<group>"; };
		A36C65A723822D5B00FE2BCA /* Assets.xcassets */ = {isa = PBXFileReference; lastKnownFileType = folder.assetcatalog; path = Assets.xcassets; sourceTree = "<group>"; };
		A36C65AA23822D5B00FE2BCA /* Base */ = {isa = PBXFileReference; lastKnownFileType = file.storyboard; name = Base; path = Base.lproj/LaunchScreen.storyboard; sourceTree = "<group>"; };
		A36C65AC23822D5B00FE2BCA /* Info.plist */ = {isa = PBXFileReference; lastKnownFileType = text.plist.xml; path = Info.plist; sourceTree = "<group>"; };
		A36C65B123822D5B00FE2BCA /* 20191117-AbhijeetAher-NYCSchoolsTests.xctest */ = {isa = PBXFileReference; explicitFileType = wrapper.cfbundle; includeInIndex = 0; path = "20191117-AbhijeetAher-NYCSchoolsTests.xctest"; sourceTree = BUILT_PRODUCTS_DIR; };
		A36C65B523822D5B00FE2BCA /* _0191117_AbhijeetAher_NYCSchoolsTests.swift */ = {isa = PBXFileReference; lastKnownFileType = sourcecode.swift; path = _0191117_AbhijeetAher_NYCSchoolsTests.swift; sourceTree = "<group>"; };
		A36C65B723822D5B00FE2BCA /* Info.plist */ = {isa = PBXFileReference; lastKnownFileType = text.plist.xml; path = Info.plist; sourceTree = "<group>"; };
		A36C65BC23822D5B00FE2BCA /* 20191117-AbhijeetAher-NYCSchoolsUITests.xctest */ = {isa = PBXFileReference; explicitFileType = wrapper.cfbundle; includeInIndex = 0; path = "20191117-AbhijeetAher-NYCSchoolsUITests.xctest"; sourceTree = BUILT_PRODUCTS_DIR; };
		A36C65C023822D5B00FE2BCA /* _0191117_AbhijeetAher_NYCSchoolsUITests.swift */ = {isa = PBXFileReference; lastKnownFileType = sourcecode.swift; path = _0191117_AbhijeetAher_NYCSchoolsUITests.swift; sourceTree = "<group>"; };
		A36C65C223822D5B00FE2BCA /* Info.plist */ = {isa = PBXFileReference; lastKnownFileType = text.plist.xml; path = Info.plist; sourceTree = "<group>"; };
		A36C65CE23822F0A00FE2BCA /* SchoolDataStore.swift */ = {isa = PBXFileReference; lastKnownFileType = sourcecode.swift; path = SchoolDataStore.swift; sourceTree = "<group>"; };
		A36C65D123822FC200FE2BCA /* NetworkDataManager.swift */ = {isa = PBXFileReference; lastKnownFileType = sourcecode.swift; path = NetworkDataManager.swift; sourceTree = "<group>"; };
		A36C65D42382301500FE2BCA /* CoreDataManager.swift */ = {isa = PBXFileReference; lastKnownFileType = sourcecode.swift; path = CoreDataManager.swift; sourceTree = "<group>"; };
		A36C65D72382308300FE2BCA /* Reachability.swift */ = {isa = PBXFileReference; fileEncoding = 4; lastKnownFileType = sourcecode.swift; path = Reachability.swift; sourceTree = "<group>"; };
		A36C65DA238230BE00FE2BCA /* School.swift */ = {isa = PBXFileReference; lastKnownFileType = sourcecode.swift; path = School.swift; sourceTree = "<group>"; };
		A36C65E22382325300FE2BCA /* Schools+CoreDataClass.swift */ = {isa = PBXFileReference; lastKnownFileType = sourcecode.swift; path = "Schools+CoreDataClass.swift"; sourceTree = "<group>"; };
		A36C65E32382325300FE2BCA /* Schools+CoreDataProperties.swift */ = {isa = PBXFileReference; lastKnownFileType = sourcecode.swift; path = "Schools+CoreDataProperties.swift"; sourceTree = "<group>"; };
		A36C65E62382330D00FE2BCA /* Constants.swift */ = {isa = PBXFileReference; lastKnownFileType = sourcecode.swift; path = Constants.swift; sourceTree = "<group>"; };
		A36C65EC2382341800FE2BCA /* Protocol.swift */ = {isa = PBXFileReference; lastKnownFileType = sourcecode.swift; path = Protocol.swift; sourceTree = "<group>"; };
		A36C65EE238234D600FE2BCA /* SchoolGrade.swift */ = {isa = PBXFileReference; fileEncoding = 4; lastKnownFileType = sourcecode.swift; path = SchoolGrade.swift; sourceTree = "<group>"; };
		A36C65F0238234DF00FE2BCA /* SchoolGradeDataStore.swift */ = {isa = PBXFileReference; fileEncoding = 4; lastKnownFileType = sourcecode.swift; path = SchoolGradeDataStore.swift; sourceTree = "<group>"; };
		A36C65F22382358B00FE2BCA /* Alert.swift */ = {isa = PBXFileReference; lastKnownFileType = sourcecode.swift; path = Alert.swift; sourceTree = "<group>"; };
		A36C65F5238235E000FE2BCA /* SchoolGradeViewController.swift */ = {isa = PBXFileReference; lastKnownFileType = sourcecode.swift; path = SchoolGradeViewController.swift; sourceTree = "<group>"; };
		A36C65F8238237D400FE2BCA /* SchoolGrades+CoreDataClass.swift */ = {isa = PBXFileReference; lastKnownFileType = sourcecode.swift; path = "SchoolGrades+CoreDataClass.swift"; sourceTree = "<group>"; };
		A36C65F9238237D400FE2BCA /* SchoolGrades+CoreDataProperties.swift */ = {isa = PBXFileReference; lastKnownFileType = sourcecode.swift; path = "SchoolGrades+CoreDataProperties.swift"; sourceTree = "<group>"; };
		A3E014D723827863001A84DC /* CustomURL.swift */ = {isa = PBXFileReference; lastKnownFileType = sourcecode.swift; path = CustomURL.swift; sourceTree = "<group>"; };
/* End PBXFileReference section */

/* Begin PBXFrameworksBuildPhase section */
		A36C659523822D5A00FE2BCA /* Frameworks */ = {
			isa = PBXFrameworksBuildPhase;
			buildActionMask = 2147483647;
			files = (
			);
			runOnlyForDeploymentPostprocessing = 0;
		};
		A36C65AE23822D5B00FE2BCA /* Frameworks */ = {
			isa = PBXFrameworksBuildPhase;
			buildActionMask = 2147483647;
			files = (
			);
			runOnlyForDeploymentPostprocessing = 0;
		};
		A36C65B923822D5B00FE2BCA /* Frameworks */ = {
			isa = PBXFrameworksBuildPhase;
			buildActionMask = 2147483647;
			files = (
			);
			runOnlyForDeploymentPostprocessing = 0;
		};
/* End PBXFrameworksBuildPhase section */

/* Begin PBXGroup section */
		A36C658F23822D5A00FE2BCA = {
			isa = PBXGroup;
			children = (
				A36C659A23822D5A00FE2BCA /* 20191117-AbhijeetAher-NYCSchools */,
				A36C65B423822D5B00FE2BCA /* 20191117-AbhijeetAher-NYCSchoolsTests */,
				A36C65BF23822D5B00FE2BCA /* 20191117-AbhijeetAher-NYCSchoolsUITests */,
				A36C659923822D5A00FE2BCA /* Products */,
			);
			sourceTree = "<group>";
		};
		A36C659923822D5A00FE2BCA /* Products */ = {
			isa = PBXGroup;
			children = (
				A36C659823822D5A00FE2BCA /* 20191117-AbhijeetAher-NYCSchools.app */,
				A36C65B123822D5B00FE2BCA /* 20191117-AbhijeetAher-NYCSchoolsTests.xctest */,
				A36C65BC23822D5B00FE2BCA /* 20191117-AbhijeetAher-NYCSchoolsUITests.xctest */,
			);
			name = Products;
			sourceTree = "<group>";
		};
		A36C659A23822D5A00FE2BCA /* 20191117-AbhijeetAher-NYCSchools */ = {
			isa = PBXGroup;
			children = (
				A36C659B23822D5A00FE2BCA /* AppDelegate.swift */,
				A36C659D23822D5A00FE2BCA /* SceneDelegate.swift */,
				A3D050E6238254E1004427C9 /* Controller */,
				A36C65E82382331400FE2BCA /* Helper */,
				A36C65F7238235EF00FE2BCA /* Protocol */,
				A36C65F42382359400FE2BCA /* Alert */,
				A36C65E1238231E900FE2BCA /* CoreDataModel */,
				A36C65DC238230C400FE2BCA /* ResponseModels */,
				A36C65D92382308800FE2BCA /* Reachability */,
				A36C65D62382301E00FE2BCA /* CoreDataManager */,
				A36C65D323822FD000FE2BCA /* WebService */,
				A36C65D023822F1700FE2BCA /* DataStore */,
				A36C65A123822D5A00FE2BCA /* Main.storyboard */,
				A36C65A723822D5B00FE2BCA /* Assets.xcassets */,
				A36C65A923822D5B00FE2BCA /* LaunchScreen.storyboard */,
				A36C65AC23822D5B00FE2BCA /* Info.plist */,
				A36C65A423822D5A00FE2BCA /* _0191117_AbhijeetAher_NYCSchools.xcdatamodeld */,
			);
			path = "20191117-AbhijeetAher-NYCSchools";
			sourceTree = "<group>";
		};
		A36C65B423822D5B00FE2BCA /* 20191117-AbhijeetAher-NYCSchoolsTests */ = {
			isa = PBXGroup;
			children = (
				A36C65B523822D5B00FE2BCA /* _0191117_AbhijeetAher_NYCSchoolsTests.swift */,
				A36C65B723822D5B00FE2BCA /* Info.plist */,
			);
			path = "20191117-AbhijeetAher-NYCSchoolsTests";
			sourceTree = "<group>";
		};
		A36C65BF23822D5B00FE2BCA /* 20191117-AbhijeetAher-NYCSchoolsUITests */ = {
			isa = PBXGroup;
			children = (
				A36C65C023822D5B00FE2BCA /* _0191117_AbhijeetAher_NYCSchoolsUITests.swift */,
				A36C65C223822D5B00FE2BCA /* Info.plist */,
			);
			path = "20191117-AbhijeetAher-NYCSchoolsUITests";
			sourceTree = "<group>";
		};
		A36C65D023822F1700FE2BCA /* DataStore */ = {
			isa = PBXGroup;
			children = (
				A36C65F0238234DF00FE2BCA /* SchoolGradeDataStore.swift */,
				A36C65CE23822F0A00FE2BCA /* SchoolDataStore.swift */,
			);
			path = DataStore;
			sourceTree = "<group>";
		};
		A36C65D323822FD000FE2BCA /* WebService */ = {
			isa = PBXGroup;
			children = (
				A36C65D123822FC200FE2BCA /* NetworkDataManager.swift */,
			);
			path = WebService;
			sourceTree = "<group>";
		};
		A36C65D62382301E00FE2BCA /* CoreDataManager */ = {
			isa = PBXGroup;
			children = (
				A36C65D42382301500FE2BCA /* CoreDataManager.swift */,
			);
			path = CoreDataManager;
			sourceTree = "<group>";
		};
		A36C65D92382308800FE2BCA /* Reachability */ = {
			isa = PBXGroup;
			children = (
				A36C65D72382308300FE2BCA /* Reachability.swift */,
			);
			path = Reachability;
			sourceTree = "<group>";
		};
		A36C65DC238230C400FE2BCA /* ResponseModels */ = {
			isa = PBXGroup;
			children = (
				A36C65EE238234D600FE2BCA /* SchoolGrade.swift */,
				A36C65DA238230BE00FE2BCA /* School.swift */,
			);
			path = ResponseModels;
			sourceTree = "<group>";
		};
		A36C65E1238231E900FE2BCA /* CoreDataModel */ = {
			isa = PBXGroup;
			children = (
				A36C65F8238237D400FE2BCA /* SchoolGrades+CoreDataClass.swift */,
				A36C65F9238237D400FE2BCA /* SchoolGrades+CoreDataProperties.swift */,
				A36C65E22382325300FE2BCA /* Schools+CoreDataClass.swift */,
				A36C65E32382325300FE2BCA /* Schools+CoreDataProperties.swift */,
			);
			path = CoreDataModel;
			sourceTree = "<group>";
		};
		A36C65E82382331400FE2BCA /* Helper */ = {
			isa = PBXGroup;
			children = (
				A3E014D723827863001A84DC /* CustomURL.swift */,
				A36C65E62382330D00FE2BCA /* Constants.swift */,
			);
			path = Helper;
			sourceTree = "<group>";
		};
		A36C65F42382359400FE2BCA /* Alert */ = {
			isa = PBXGroup;
			children = (
				A36C65F22382358B00FE2BCA /* Alert.swift */,
			);
			path = Alert;
			sourceTree = "<group>";
		};
		A36C65F7238235EF00FE2BCA /* Protocol */ = {
			isa = PBXGroup;
			children = (
				A36C65EC2382341800FE2BCA /* Protocol.swift */,
			);
			path = Protocol;
			sourceTree = "<group>";
		};
		A3D050E6238254E1004427C9 /* Controller */ = {
			isa = PBXGroup;
			children = (
				A36C659F23822D5A00FE2BCA /* ViewController.swift */,
				A36C65F5238235E000FE2BCA /* SchoolGradeViewController.swift */,
			);
			path = Controller;
			sourceTree = "<group>";
		};
/* End PBXGroup section */

/* Begin PBXNativeTarget section */
		A36C659723822D5A00FE2BCA /* 20191117-AbhijeetAher-NYCSchools */ = {
			isa = PBXNativeTarget;
			buildConfigurationList = A36C65C523822D5B00FE2BCA /* Build configuration list for PBXNativeTarget "20191117-AbhijeetAher-NYCSchools" */;
			buildPhases = (
				A36C659423822D5A00FE2BCA /* Sources */,
				A36C659523822D5A00FE2BCA /* Frameworks */,
				A36C659623822D5A00FE2BCA /* Resources */,
			);
			buildRules = (
			);
			dependencies = (
			);
			name = "20191117-AbhijeetAher-NYCSchools";
			productName = "20191117-AbhijeetAher-NYCSchools";
			productReference = A36C659823822D5A00FE2BCA /* 20191117-AbhijeetAher-NYCSchools.app */;
			productType = "com.apple.product-type.application";
		};
		A36C65B023822D5B00FE2BCA /* 20191117-AbhijeetAher-NYCSchoolsTests */ = {
			isa = PBXNativeTarget;
			buildConfigurationList = A36C65C823822D5B00FE2BCA /* Build configuration list for PBXNativeTarget "20191117-AbhijeetAher-NYCSchoolsTests" */;
			buildPhases = (
				A36C65AD23822D5B00FE2BCA /* Sources */,
				A36C65AE23822D5B00FE2BCA /* Frameworks */,
				A36C65AF23822D5B00FE2BCA /* Resources */,
			);
			buildRules = (
			);
			dependencies = (
				A36C65B323822D5B00FE2BCA /* PBXTargetDependency */,
			);
			name = "20191117-AbhijeetAher-NYCSchoolsTests";
			productName = "20191117-AbhijeetAher-NYCSchoolsTests";
			productReference = A36C65B123822D5B00FE2BCA /* 20191117-AbhijeetAher-NYCSchoolsTests.xctest */;
			productType = "com.apple.product-type.bundle.unit-test";
		};
		A36C65BB23822D5B00FE2BCA /* 20191117-AbhijeetAher-NYCSchoolsUITests */ = {
			isa = PBXNativeTarget;
			buildConfigurationList = A36C65CB23822D5B00FE2BCA /* Build configuration list for PBXNativeTarget "20191117-AbhijeetAher-NYCSchoolsUITests" */;
			buildPhases = (
				A36C65B823822D5B00FE2BCA /* Sources */,
				A36C65B923822D5B00FE2BCA /* Frameworks */,
				A36C65BA23822D5B00FE2BCA /* Resources */,
			);
			buildRules = (
			);
			dependencies = (
				A36C65BE23822D5B00FE2BCA /* PBXTargetDependency */,
			);
			name = "20191117-AbhijeetAher-NYCSchoolsUITests";
			productName = "20191117-AbhijeetAher-NYCSchoolsUITests";
			productReference = A36C65BC23822D5B00FE2BCA /* 20191117-AbhijeetAher-NYCSchoolsUITests.xctest */;
			productType = "com.apple.product-type.bundle.ui-testing";
		};
/* End PBXNativeTarget section */

/* Begin PBXProject section */
		A36C659023822D5A00FE2BCA /* Project object */ = {
			isa = PBXProject;
			attributes = {
				LastSwiftUpdateCheck = 1110;
				LastUpgradeCheck = 1110;
				ORGANIZATIONNAME = "Abhijeet Aher";
				TargetAttributes = {
					A36C659723822D5A00FE2BCA = {
						CreatedOnToolsVersion = 11.1;
					};
					A36C65B023822D5B00FE2BCA = {
						CreatedOnToolsVersion = 11.1;
						TestTargetID = A36C659723822D5A00FE2BCA;
					};
					A36C65BB23822D5B00FE2BCA = {
						CreatedOnToolsVersion = 11.1;
						TestTargetID = A36C659723822D5A00FE2BCA;
					};
				};
			};
			buildConfigurationList = A36C659323822D5A00FE2BCA /* Build configuration list for PBXProject "20191117-AbhijeetAher-NYCSchools" */;
			compatibilityVersion = "Xcode 9.3";
			developmentRegion = en;
			hasScannedForEncodings = 0;
			knownRegions = (
				en,
				Base,
			);
			mainGroup = A36C658F23822D5A00FE2BCA;
			productRefGroup = A36C659923822D5A00FE2BCA /* Products */;
			projectDirPath = "";
			projectRoot = "";
			targets = (
				A36C659723822D5A00FE2BCA /* 20191117-AbhijeetAher-NYCSchools */,
				A36C65B023822D5B00FE2BCA /* 20191117-AbhijeetAher-NYCSchoolsTests */,
				A36C65BB23822D5B00FE2BCA /* 20191117-AbhijeetAher-NYCSchoolsUITests */,
			);
		};
/* End PBXProject section */

/* Begin PBXResourcesBuildPhase section */
		A36C659623822D5A00FE2BCA /* Resources */ = {
			isa = PBXResourcesBuildPhase;
			buildActionMask = 2147483647;
			files = (
				A36C65AB23822D5B00FE2BCA /* LaunchScreen.storyboard in Resources */,
				A36C65A823822D5B00FE2BCA /* Assets.xcassets in Resources */,
				A36C65A323822D5A00FE2BCA /* Main.storyboard in Resources */,
			);
			runOnlyForDeploymentPostprocessing = 0;
		};
		A36C65AF23822D5B00FE2BCA /* Resources */ = {
			isa = PBXResourcesBuildPhase;
			buildActionMask = 2147483647;
			files = (
			);
			runOnlyForDeploymentPostprocessing = 0;
		};
		A36C65BA23822D5B00FE2BCA /* Resources */ = {
			isa = PBXResourcesBuildPhase;
			buildActionMask = 2147483647;
			files = (
			);
			runOnlyForDeploymentPostprocessing = 0;
		};
/* End PBXResourcesBuildPhase section */

/* Begin PBXSourcesBuildPhase section */
		A36C659423822D5A00FE2BCA /* Sources */ = {
			isa = PBXSourcesBuildPhase;
			buildActionMask = 2147483647;
			files = (
				A36C65CF23822F0A00FE2BCA /* SchoolDataStore.swift in Sources */,
				A36C65ED2382341800FE2BCA /* Protocol.swift in Sources */,
				A36C65F6238235E000FE2BCA /* SchoolGradeViewController.swift in Sources */,
				A36C65E52382325300FE2BCA /* Schools+CoreDataProperties.swift in Sources */,
				A3E014D823827863001A84DC /* CustomURL.swift in Sources */,
				A36C65E42382325300FE2BCA /* Schools+CoreDataClass.swift in Sources */,
				A36C65A023822D5A00FE2BCA /* ViewController.swift in Sources */,
				A36C65D223822FC200FE2BCA /* NetworkDataManager.swift in Sources */,
				A36C659C23822D5A00FE2BCA /* AppDelegate.swift in Sources */,
				A36C65FA238237D400FE2BCA /* SchoolGrades+CoreDataClass.swift in Sources */,
				A36C65F1238234DF00FE2BCA /* SchoolGradeDataStore.swift in Sources */,
				A36C65DB238230BE00FE2BCA /* School.swift in Sources */,
				A36C659E23822D5A00FE2BCA /* SceneDelegate.swift in Sources */,
				A36C65D52382301500FE2BCA /* CoreDataManager.swift in Sources */,
				A36C65D82382308300FE2BCA /* Reachability.swift in Sources */,
				A36C65A623822D5A00FE2BCA /* _0191117_AbhijeetAher_NYCSchools.xcdatamodeld in Sources */,
				A36C65E72382330D00FE2BCA /* Constants.swift in Sources */,
				A36C65FB238237D400FE2BCA /* SchoolGrades+CoreDataProperties.swift in Sources */,
				A36C65F32382358B00FE2BCA /* Alert.swift in Sources */,
				A36C65EF238234D600FE2BCA /* SchoolGrade.swift in Sources */,
			);
			runOnlyForDeploymentPostprocessing = 0;
		};
		A36C65AD23822D5B00FE2BCA /* Sources */ = {
			isa = PBXSourcesBuildPhase;
			buildActionMask = 2147483647;
			files = (
				A36C65B623822D5B00FE2BCA /* _0191117_AbhijeetAher_NYCSchoolsTests.swift in Sources */,
			);
			runOnlyForDeploymentPostprocessing = 0;
		};
		A36C65B823822D5B00FE2BCA /* Sources */ = {
			isa = PBXSourcesBuildPhase;
			buildActionMask = 2147483647;
			files = (
				A36C65C123822D5B00FE2BCA /* _0191117_AbhijeetAher_NYCSchoolsUITests.swift in Sources */,
			);
			runOnlyForDeploymentPostprocessing = 0;
		};
/* End PBXSourcesBuildPhase section */

/* Begin PBXTargetDependency section */
		A36C65B323822D5B00FE2BCA /* PBXTargetDependency */ = {
			isa = PBXTargetDependency;
			target = A36C659723822D5A00FE2BCA /* 20191117-AbhijeetAher-NYCSchools */;
			targetProxy = A36C65B223822D5B00FE2BCA /* PBXContainerItemProxy */;
		};
		A36C65BE23822D5B00FE2BCA /* PBXTargetDependency */ = {
			isa = PBXTargetDependency;
			target = A36C659723822D5A00FE2BCA /* 20191117-AbhijeetAher-NYCSchools */;
			targetProxy = A36C65BD23822D5B00FE2BCA /* PBXContainerItemProxy */;
		};
/* End PBXTargetDependency section */

/* Begin PBXVariantGroup section */
		A36C65A123822D5A00FE2BCA /* Main.storyboard */ = {
			isa = PBXVariantGroup;
			children = (
				A36C65A223822D5A00FE2BCA /* Base */,
			);
			name = Main.storyboard;
			sourceTree = "<group>";
		};
		A36C65A923822D5B00FE2BCA /* LaunchScreen.storyboard */ = {
			isa = PBXVariantGroup;
			children = (
				A36C65AA23822D5B00FE2BCA /* Base */,
			);
			name = LaunchScreen.storyboard;
			sourceTree = "<group>";
		};
/* End PBXVariantGroup section */

/* Begin XCBuildConfiguration section */
		A36C65C323822D5B00FE2BCA /* Debug */ = {
			isa = XCBuildConfiguration;
			buildSettings = {
				ALWAYS_SEARCH_USER_PATHS = NO;
				CLANG_ANALYZER_NONNULL = YES;
				CLANG_ANALYZER_NUMBER_OBJECT_CONVERSION = YES_AGGRESSIVE;
				CLANG_CXX_LANGUAGE_STANDARD = "gnu++14";
				CLANG_CXX_LIBRARY = "libc++";
				CLANG_ENABLE_MODULES = YES;
				CLANG_ENABLE_OBJC_ARC = YES;
				CLANG_ENABLE_OBJC_WEAK = YES;
				CLANG_WARN_BLOCK_CAPTURE_AUTORELEASING = YES;
				CLANG_WARN_BOOL_CONVERSION = YES;
				CLANG_WARN_COMMA = YES;
				CLANG_WARN_CONSTANT_CONVERSION = YES;
				CLANG_WARN_DEPRECATED_OBJC_IMPLEMENTATIONS = YES;
				CLANG_WARN_DIRECT_OBJC_ISA_USAGE = YES_ERROR;
				CLANG_WARN_DOCUMENTATION_COMMENTS = YES;
				CLANG_WARN_EMPTY_BODY = YES;
				CLANG_WARN_ENUM_CONVERSION = YES;
				CLANG_WARN_INFINITE_RECURSION = YES;
				CLANG_WARN_INT_CONVERSION = YES;
				CLANG_WARN_NON_LITERAL_NULL_CONVERSION = YES;
				CLANG_WARN_OBJC_IMPLICIT_RETAIN_SELF = YES;
				CLANG_WARN_OBJC_LITERAL_CONVERSION = YES;
				CLANG_WARN_OBJC_ROOT_CLASS = YES_ERROR;
				CLANG_WARN_RANGE_LOOP_ANALYSIS = YES;
				CLANG_WARN_STRICT_PROTOTYPES = YES;
				CLANG_WARN_SUSPICIOUS_MOVE = YES;
				CLANG_WARN_UNGUARDED_AVAILABILITY = YES_AGGRESSIVE;
				CLANG_WARN_UNREACHABLE_CODE = YES;
				CLANG_WARN__DUPLICATE_METHOD_MATCH = YES;
				COPY_PHASE_STRIP = NO;
				DEBUG_INFORMATION_FORMAT = dwarf;
				ENABLE_STRICT_OBJC_MSGSEND = YES;
				ENABLE_TESTABILITY = YES;
				GCC_C_LANGUAGE_STANDARD = gnu11;
				GCC_DYNAMIC_NO_PIC = NO;
				GCC_NO_COMMON_BLOCKS = YES;
				GCC_OPTIMIZATION_LEVEL = 0;
				GCC_PREPROCESSOR_DEFINITIONS = (
					"DEBUG=1",
					"$(inherited)",
				);
				GCC_WARN_64_TO_32_BIT_CONVERSION = YES;
				GCC_WARN_ABOUT_RETURN_TYPE = YES_ERROR;
				GCC_WARN_UNDECLARED_SELECTOR = YES;
				GCC_WARN_UNINITIALIZED_AUTOS = YES_AGGRESSIVE;
				GCC_WARN_UNUSED_FUNCTION = YES;
				GCC_WARN_UNUSED_VARIABLE = YES;
				IPHONEOS_DEPLOYMENT_TARGET = 13.1;
				MTL_ENABLE_DEBUG_INFO = INCLUDE_SOURCE;
				MTL_FAST_MATH = YES;
				ONLY_ACTIVE_ARCH = YES;
				SDKROOT = iphoneos;
				SWIFT_ACTIVE_COMPILATION_CONDITIONS = DEBUG;
				SWIFT_OPTIMIZATION_LEVEL = "-Onone";
			};
			name = Debug;
		};
		A36C65C423822D5B00FE2BCA /* Release */ = {
			isa = XCBuildConfiguration;
			buildSettings = {
				ALWAYS_SEARCH_USER_PATHS = NO;
				CLANG_ANALYZER_NONNULL = YES;
				CLANG_ANALYZER_NUMBER_OBJECT_CONVERSION = YES_AGGRESSIVE;
				CLANG_CXX_LANGUAGE_STANDARD = "gnu++14";
				CLANG_CXX_LIBRARY = "libc++";
				CLANG_ENABLE_MODULES = YES;
				CLANG_ENABLE_OBJC_ARC = YES;
				CLANG_ENABLE_OBJC_WEAK = YES;
				CLANG_WARN_BLOCK_CAPTURE_AUTORELEASING = YES;
				CLANG_WARN_BOOL_CONVERSION = YES;
				CLANG_WARN_COMMA = YES;
				CLANG_WARN_CONSTANT_CONVERSION = YES;
				CLANG_WARN_DEPRECATED_OBJC_IMPLEMENTATIONS = YES;
				CLANG_WARN_DIRECT_OBJC_ISA_USAGE = YES_ERROR;
				CLANG_WARN_DOCUMENTATION_COMMENTS = YES;
				CLANG_WARN_EMPTY_BODY = YES;
				CLANG_WARN_ENUM_CONVERSION = YES;
				CLANG_WARN_INFINITE_RECURSION = YES;
				CLANG_WARN_INT_CONVERSION = YES;
				CLANG_WARN_NON_LITERAL_NULL_CONVERSION = YES;
				CLANG_WARN_OBJC_IMPLICIT_RETAIN_SELF = YES;
				CLANG_WARN_OBJC_LITERAL_CONVERSION = YES;
				CLANG_WARN_OBJC_ROOT_CLASS = YES_ERROR;
				CLANG_WARN_RANGE_LOOP_ANALYSIS = YES;
				CLANG_WARN_STRICT_PROTOTYPES = YES;
				CLANG_WARN_SUSPICIOUS_MOVE = YES;
				CLANG_WARN_UNGUARDED_AVAILABILITY = YES_AGGRESSIVE;
				CLANG_WARN_UNREACHABLE_CODE = YES;
				CLANG_WARN__DUPLICATE_METHOD_MATCH = YES;
				COPY_PHASE_STRIP = NO;
				DEBUG_INFORMATION_FORMAT = "dwarf-with-dsym";
				ENABLE_NS_ASSERTIONS = NO;
				ENABLE_STRICT_OBJC_MSGSEND = YES;
				GCC_C_LANGUAGE_STANDARD = gnu11;
				GCC_NO_COMMON_BLOCKS = YES;
				GCC_WARN_64_TO_32_BIT_CONVERSION = YES;
				GCC_WARN_ABOUT_RETURN_TYPE = YES_ERROR;
				GCC_WARN_UNDECLARED_SELECTOR = YES;
				GCC_WARN_UNINITIALIZED_AUTOS = YES_AGGRESSIVE;
				GCC_WARN_UNUSED_FUNCTION = YES;
				GCC_WARN_UNUSED_VARIABLE = YES;
				IPHONEOS_DEPLOYMENT_TARGET = 13.1;
				MTL_ENABLE_DEBUG_INFO = NO;
				MTL_FAST_MATH = YES;
				SDKROOT = iphoneos;
				SWIFT_COMPILATION_MODE = wholemodule;
				SWIFT_OPTIMIZATION_LEVEL = "-O";
				VALIDATE_PRODUCT = YES;
			};
			name = Release;
		};
		A36C65C623822D5B00FE2BCA /* Debug */ = {
			isa = XCBuildConfiguration;
			buildSettings = {
				ASSETCATALOG_COMPILER_APPICON_NAME = AppIcon;
				CODE_SIGN_STYLE = Automatic;
				INFOPLIST_FILE = "20191117-AbhijeetAher-NYCSchools/Info.plist";
				LD_RUNPATH_SEARCH_PATHS = (
					"$(inherited)",
					"@executable_path/Frameworks",
				);
				PRODUCT_BUNDLE_IDENTIFIER = "com.abhi.NYCSchools.-0191117-AbhijeetAher-NYCSchools";
				PRODUCT_NAME = "$(TARGET_NAME)";
				SWIFT_VERSION = 5.0;
				TARGETED_DEVICE_FAMILY = "1,2";
			};
			name = Debug;
		};
		A36C65C723822D5B00FE2BCA /* Release */ = {
			isa = XCBuildConfiguration;
			buildSettings = {
				ASSETCATALOG_COMPILER_APPICON_NAME = AppIcon;
				CODE_SIGN_STYLE = Automatic;
				INFOPLIST_FILE = "20191117-AbhijeetAher-NYCSchools/Info.plist";
				LD_RUNPATH_SEARCH_PATHS = (
					"$(inherited)",
					"@executable_path/Frameworks",
				);
				PRODUCT_BUNDLE_IDENTIFIER = "com.abhi.NYCSchools.-0191117-AbhijeetAher-NYCSchools";
				PRODUCT_NAME = "$(TARGET_NAME)";
				SWIFT_VERSION = 5.0;
				TARGETED_DEVICE_FAMILY = "1,2";
			};
			name = Release;
		};
		A36C65C923822D5B00FE2BCA /* Debug */ = {
			isa = XCBuildConfiguration;
			buildSettings = {
				ALWAYS_EMBED_SWIFT_STANDARD_LIBRARIES = YES;
				BUNDLE_LOADER = "$(TEST_HOST)";
				CODE_SIGN_STYLE = Automatic;
				INFOPLIST_FILE = "20191117-AbhijeetAher-NYCSchoolsTests/Info.plist";
				IPHONEOS_DEPLOYMENT_TARGET = 13.1;
				LD_RUNPATH_SEARCH_PATHS = (
					"$(inherited)",
					"@executable_path/Frameworks",
					"@loader_path/Frameworks",
				);
				PRODUCT_BUNDLE_IDENTIFIER = "com.abhi.NYCSchools.-0191117-AbhijeetAher-NYCSchoolsTests";
				PRODUCT_NAME = "$(TARGET_NAME)";
				SWIFT_VERSION = 5.0;
				TARGETED_DEVICE_FAMILY = "1,2";
				TEST_HOST = "$(BUILT_PRODUCTS_DIR)/20191117-AbhijeetAher-NYCSchools.app/20191117-AbhijeetAher-NYCSchools";
			};
			name = Debug;
		};
		A36C65CA23822D5B00FE2BCA /* Release */ = {
			isa = XCBuildConfiguration;
			buildSettings = {
				ALWAYS_EMBED_SWIFT_STANDARD_LIBRARIES = YES;
				BUNDLE_LOADER = "$(TEST_HOST)";
				CODE_SIGN_STYLE = Automatic;
				INFOPLIST_FILE = "20191117-AbhijeetAher-NYCSchoolsTests/Info.plist";
				IPHONEOS_DEPLOYMENT_TARGET = 13.1;
				LD_RUNPATH_SEARCH_PATHS = (
					"$(inherited)",
					"@executable_path/Frameworks",
					"@loader_path/Frameworks",
				);
				PRODUCT_BUNDLE_IDENTIFIER = "com.abhi.NYCSchools.-0191117-AbhijeetAher-NYCSchoolsTests";
				PRODUCT_NAME = "$(TARGET_NAME)";
				SWIFT_VERSION = 5.0;
				TARGETED_DEVICE_FAMILY = "1,2";
				TEST_HOST = "$(BUILT_PRODUCTS_DIR)/20191117-AbhijeetAher-NYCSchools.app/20191117-AbhijeetAher-NYCSchools";
			};
			name = Release;
		};
		A36C65CC23822D5B00FE2BCA /* Debug */ = {
			isa = XCBuildConfiguration;
			buildSettings = {
				ALWAYS_EMBED_SWIFT_STANDARD_LIBRARIES = YES;
				CODE_SIGN_STYLE = Automatic;
				INFOPLIST_FILE = "20191117-AbhijeetAher-NYCSchoolsUITests/Info.plist";
				LD_RUNPATH_SEARCH_PATHS = (
					"$(inherited)",
					"@executable_path/Frameworks",
					"@loader_path/Frameworks",
				);
				PRODUCT_BUNDLE_IDENTIFIER = "com.abhi.NYCSchools.-0191117-AbhijeetAher-NYCSchoolsUITests";
				PRODUCT_NAME = "$(TARGET_NAME)";
				SWIFT_VERSION = 5.0;
				TARGETED_DEVICE_FAMILY = "1,2";
				TEST_TARGET_NAME = "20191117-AbhijeetAher-NYCSchools";
			};
			name = Debug;
		};
		A36C65CD23822D5B00FE2BCA /* Release */ = {
			isa = XCBuildConfiguration;
			buildSettings = {
				ALWAYS_EMBED_SWIFT_STANDARD_LIBRARIES = YES;
				CODE_SIGN_STYLE = Automatic;
				INFOPLIST_FILE = "20191117-AbhijeetAher-NYCSchoolsUITests/Info.plist";
				LD_RUNPATH_SEARCH_PATHS = (
					"$(inherited)",
					"@executable_path/Frameworks",
					"@loader_path/Frameworks",
				);
				PRODUCT_BUNDLE_IDENTIFIER = "com.abhi.NYCSchools.-0191117-AbhijeetAher-NYCSchoolsUITests";
				PRODUCT_NAME = "$(TARGET_NAME)";
				SWIFT_VERSION = 5.0;
				TARGETED_DEVICE_FAMILY = "1,2";
				TEST_TARGET_NAME = "20191117-AbhijeetAher-NYCSchools";
			};
			name = Release;
		};
/* End XCBuildConfiguration section */

/* Begin XCConfigurationList section */
		A36C659323822D5A00FE2BCA /* Build configuration list for PBXProject "20191117-AbhijeetAher-NYCSchools" */ = {
			isa = XCConfigurationList;
			buildConfigurations = (
				A36C65C323822D5B00FE2BCA /* Debug */,
				A36C65C423822D5B00FE2BCA /* Release */,
			);
			defaultConfigurationIsVisible = 0;
			defaultConfigurationName = Release;
		};
		A36C65C523822D5B00FE2BCA /* Build configuration list for PBXNativeTarget "20191117-AbhijeetAher-NYCSchools" */ = {
			isa = XCConfigurationList;
			buildConfigurations = (
				A36C65C623822D5B00FE2BCA /* Debug */,
				A36C65C723822D5B00FE2BCA /* Release */,
			);
			defaultConfigurationIsVisible = 0;
			defaultConfigurationName = Release;
		};
		A36C65C823822D5B00FE2BCA /* Build configuration list for PBXNativeTarget "20191117-AbhijeetAher-NYCSchoolsTests" */ = {
			isa = XCConfigurationList;
			buildConfigurations = (
				A36C65C923822D5B00FE2BCA /* Debug */,
				A36C65CA23822D5B00FE2BCA /* Release */,
			);
			defaultConfigurationIsVisible = 0;
			defaultConfigurationName = Release;
		};
		A36C65CB23822D5B00FE2BCA /* Build configuration list for PBXNativeTarget "20191117-AbhijeetAher-NYCSchoolsUITests" */ = {
			isa = XCConfigurationList;
			buildConfigurations = (
				A36C65CC23822D5B00FE2BCA /* Debug */,
				A36C65CD23822D5B00FE2BCA /* Release */,
			);
			defaultConfigurationIsVisible = 0;
			defaultConfigurationName = Release;
		};
/* End XCConfigurationList section */

/* Begin XCVersionGroup section */
		A36C65A423822D5A00FE2BCA /* _0191117_AbhijeetAher_NYCSchools.xcdatamodeld */ = {
			isa = XCVersionGroup;
			children = (
				A36C65A523822D5A00FE2BCA /* _0191117_AbhijeetAher_NYCSchools.xcdatamodel */,
			);
			currentVersion = A36C65A523822D5A00FE2BCA /* _0191117_AbhijeetAher_NYCSchools.xcdatamodel */;
			path = _0191117_AbhijeetAher_NYCSchools.xcdatamodeld;
			sourceTree = "<group>";
			versionGroupType = wrapper.xcdatamodel;
		};
/* End XCVersionGroup section */
	};
	rootObject = A36C659023822D5A00FE2BCA /* Project object */;
}
